
Microsoft Visual Studio Solution File, Format Version 12.00
Project("{FAE04EC0-301F-11D3-BF4B-00C04F79EFBC}") = "SimpleTodo.Api", "SimpleTodo.Api\SimpleTodo.Api.csproj", "{1D8EE769-364B-4093-8BF6-0CBD1FEE0BCB}"
EndProject
Global
	GlobalSection(SolutionConfigurationPlatforms) = preSolution
		Debug|Any CPU = Debug|Any CPU
		Release|Any CPU = Release|Any CPU
	EndGlobalSection
	GlobalSection(ProjectConfigurationPlatforms) = postSolution
		{1D8EE769-364B-4093-8BF6-0CBD1FEE0BCB}.Debug|Any CPU.ActiveCfg = Debug|Any CPU
		{1D8EE769-364B-4093-8BF6-0CBD1FEE0BCB}.Debug|Any CPU.Build.0 = Debug|Any CPU
		{1D8EE769-364B-4093-8BF6-0CBD1FEE0BCB}.Release|Any CPU.ActiveCfg = Release|Any CPU
		{1D8EE769-364B-4093-8BF6-0CBD1FEE0BCB}.Release|Any CPU.Build.0 = Release|Any CPU
	EndGlobalSection
EndGlobal
